
Microsoft Visual Studio Solution File, Format Version 12.00
# Visual Studio Version 17
VisualStudioVersion = 17.8.34322.80
MinimumVisualStudioVersion = 10.0.40219.1
Project("{FAE04EC0-301F-11D3-BF4B-00C04F79EFBC}") = "Module 1", "Module 1.csproj", "{A80DFE73-5DD5-4CCE-98A0-090A3B40BB69}"
EndProject
Global
	GlobalSection(SolutionConfigurationPlatforms) = preSolution
		Debug|Any CPU = Debug|Any CPU
		Release|Any CPU = Release|Any CPU
	EndGlobalSection
	GlobalSection(ProjectConfigurationPlatforms) = postSolution
		{A80DFE73-5DD5-4CCE-98A0-090A3B40BB69}.Debug|Any CPU.ActiveCfg = Debug|Any CPU
		{A80DFE73-5DD5-4CCE-98A0-090A3B40BB69}.Debug|Any CPU.Build.0 = Debug|Any CPU
		{A80DFE73-5DD5-4CCE-98A0-090A3B40BB69}.Release|Any CPU.ActiveCfg = Release|Any CPU
		{A80DFE73-5DD5-4CCE-98A0-090A3B40BB69}.Release|Any CPU.Build.0 = Release|Any CPU
	EndGlobalSection
	GlobalSection(SolutionProperties) = preSolution
		HideSolutionNode = FALSE
	EndGlobalSection
	GlobalSection(ExtensibilityGlobals) = postSolution
		SolutionGuid = {F7D4E8DB-78D7-4032-A7C3-9ADD7EED1FBC}
	EndGlobalSection
EndGlobal
